
Microsoft Visual Studio Solution File, Format Version 12.00
# Visual Studio Version 17
VisualStudioVersion = 17.2.32616.157
MinimumVisualStudioVersion = 10.0.40219.1
Project("{00D1A9C2-B5F0-4AF3-8072-F6C62B433612}") = "LocadoraDeVeiculos.Projeto.BancoDados", "LocadoraDeVeiculos.Projeto.BancoDados\LocadoraDeVeiculos.Projeto.BancoDados.sqlproj", "{73C1169C-18C6-4D93-8F02-AB480B4660F6}"
EndProject
Global
	GlobalSection(SolutionConfigurationPlatforms) = preSolution
		Debug|Any CPU = Debug|Any CPU
		Release|Any CPU = Release|Any CPU
	EndGlobalSection
	GlobalSection(ProjectConfigurationPlatforms) = postSolution
		{73C1169C-18C6-4D93-8F02-AB480B4660F6}.Debug|Any CPU.ActiveCfg = Debug|Any CPU
		{73C1169C-18C6-4D93-8F02-AB480B4660F6}.Debug|Any CPU.Build.0 = Debug|Any CPU
		{73C1169C-18C6-4D93-8F02-AB480B4660F6}.Debug|Any CPU.Deploy.0 = Debug|Any CPU
		{73C1169C-18C6-4D93-8F02-AB480B4660F6}.Release|Any CPU.ActiveCfg = Release|Any CPU
		{73C1169C-18C6-4D93-8F02-AB480B4660F6}.Release|Any CPU.Build.0 = Release|Any CPU
		{73C1169C-18C6-4D93-8F02-AB480B4660F6}.Release|Any CPU.Deploy.0 = Release|Any CPU
	EndGlobalSection
	GlobalSection(SolutionProperties) = preSolution
		HideSolutionNode = FALSE
	EndGlobalSection
	GlobalSection(ExtensibilityGlobals) = postSolution
		SolutionGuid = {29A053D7-FD6A-45FC-9362-0BA594118B60}
	EndGlobalSection
EndGlobal
